
Microsoft Visual Studio Solution File, Format Version 12.00
# Visual Studio 15
VisualStudioVersion = 15.0.28010.2048
MinimumVisualStudioVersion = 10.0.40219.1
Project("{FAE04EC0-301F-11D3-BF4B-00C04F79EFBC}") = "RESTwithDB", "RESTwithDB\RESTwithDB.csproj", "{D76927C3-0042-4085-8A69-9A5B328394F1}"
EndProject
Global
	GlobalSection(SolutionConfigurationPlatforms) = preSolution
		Debug|Any CPU = Debug|Any CPU
		Release|Any CPU = Release|Any CPU
	EndGlobalSection
	GlobalSection(ProjectConfigurationPlatforms) = postSolution
		{D76927C3-0042-4085-8A69-9A5B328394F1}.Debug|Any CPU.ActiveCfg = Debug|Any CPU
		{D76927C3-0042-4085-8A69-9A5B328394F1}.Debug|Any CPU.Build.0 = Debug|Any CPU
		{D76927C3-0042-4085-8A69-9A5B328394F1}.Release|Any CPU.ActiveCfg = Release|Any CPU
		{D76927C3-0042-4085-8A69-9A5B328394F1}.Release|Any CPU.Build.0 = Release|Any CPU
	EndGlobalSection
	GlobalSection(SolutionProperties) = preSolution
		HideSolutionNode = FALSE
	EndGlobalSection
	GlobalSection(ExtensibilityGlobals) = postSolution
		SolutionGuid = {224F7A35-0B26-4028-8AC7-2F79F0A59326}
	EndGlobalSection
EndGlobal
